
Microsoft Visual Studio Solution File, Format Version 12.00
# Visual Studio 11
Project("{FAE04EC0-301F-11D3-BF4B-00C04F79EFBC}") = "Fab.Metro", "src\Fab.Metro\Fab.Metro.csproj", "{4584B223-4C3E-4D73-94E3-D4680E45C324}"
	ProjectSection(ProjectDependencies) = postProject
		{2833E7CE-248E-4A7C-A5E5-8CFFA544EC67} = {2833E7CE-248E-4A7C-A5E5-8CFFA544EC67}
	EndProjectSection
EndProject
Project("{FAE04EC0-301F-11D3-BF4B-00C04F79EFBC}") = "Fab.Core", "src\Fab.Core\Fab.Core.csproj", "{2833E7CE-248E-4A7C-A5E5-8CFFA544EC67}"
EndProject
Global
	GlobalSection(SolutionConfigurationPlatforms) = preSolution
		Debug|ARM = Debug|ARM
		Debug|Any CPU = Debug|Any CPU
		Debug|x64 = Debug|x64
		Debug|x86 = Debug|x86
		Release|ARM = Release|ARM
		Release|Any CPU = Release|Any CPU
		Release|x64 = Release|x64
		Release|x86 = Release|x86
	EndGlobalSection
	GlobalSection(ProjectConfigurationPlatforms) = postSolution
		{2833E7CE-248E-4A7C-A5E5-8CFFA544EC67}.Debug|ARM.ActiveCfg = Debug|Any CPU
		{2833E7CE-248E-4A7C-A5E5-8CFFA544EC67}.Debug|Any CPU.ActiveCfg = Debug|Any CPU
		{2833E7CE-248E-4A7C-A5E5-8CFFA544EC67}.Debug|Any CPU.Build.0 = Debug|Any CPU
		{2833E7CE-248E-4A7C-A5E5-8CFFA544EC67}.Debug|x64.ActiveCfg = Debug|Any CPU
		{2833E7CE-248E-4A7C-A5E5-8CFFA544EC67}.Debug|x86.ActiveCfg = Debug|Any CPU
		{2833E7CE-248E-4A7C-A5E5-8CFFA544EC67}.Release|ARM.ActiveCfg = Release|Any CPU
		{2833E7CE-248E-4A7C-A5E5-8CFFA544EC67}.Release|Any CPU.ActiveCfg = Release|Any CPU
		{2833E7CE-248E-4A7C-A5E5-8CFFA544EC67}.Release|Any CPU.Build.0 = Release|Any CPU
		{2833E7CE-248E-4A7C-A5E5-8CFFA544EC67}.Release|x64.ActiveCfg = Release|Any CPU
		{2833E7CE-248E-4A7C-A5E5-8CFFA544EC67}.Release|x86.ActiveCfg = Release|Any CPU
		{4584B223-4C3E-4D73-94E3-D4680E45C324}.Debug|ARM.ActiveCfg = Debug|ARM
		{4584B223-4C3E-4D73-94E3-D4680E45C324}.Debug|ARM.Build.0 = Debug|ARM
		{4584B223-4C3E-4D73-94E3-D4680E45C324}.Debug|ARM.Deploy.0 = Debug|ARM
		{4584B223-4C3E-4D73-94E3-D4680E45C324}.Debug|Any CPU.ActiveCfg = Debug|Any CPU
		{4584B223-4C3E-4D73-94E3-D4680E45C324}.Debug|Any CPU.Build.0 = Debug|Any CPU
		{4584B223-4C3E-4D73-94E3-D4680E45C324}.Debug|Any CPU.Deploy.0 = Debug|Any CPU
		{4584B223-4C3E-4D73-94E3-D4680E45C324}.Debug|x64.ActiveCfg = Debug|x64
		{4584B223-4C3E-4D73-94E3-D4680E45C324}.Debug|x64.Build.0 = Debug|x64
		{4584B223-4C3E-4D73-94E3-D4680E45C324}.Debug|x64.Deploy.0 = Debug|x64
		{4584B223-4C3E-4D73-94E3-D4680E45C324}.Debug|x86.ActiveCfg = Debug|x86
		{4584B223-4C3E-4D73-94E3-D4680E45C324}.Debug|x86.Build.0 = Debug|x86
		{4584B223-4C3E-4D73-94E3-D4680E45C324}.Debug|x86.Deploy.0 = Debug|x86
		{4584B223-4C3E-4D73-94E3-D4680E45C324}.Release|ARM.ActiveCfg = Release|ARM
		{4584B223-4C3E-4D73-94E3-D4680E45C324}.Release|ARM.Build.0 = Release|ARM
		{4584B223-4C3E-4D73-94E3-D4680E45C324}.Release|ARM.Deploy.0 = Release|ARM
		{4584B223-4C3E-4D73-94E3-D4680E45C324}.Release|Any CPU.ActiveCfg = Release|Any CPU
		{4584B223-4C3E-4D73-94E3-D4680E45C324}.Release|Any CPU.Build.0 = Release|Any CPU
		{4584B223-4C3E-4D73-94E3-D4680E45C324}.Release|Any CPU.Deploy.0 = Release|Any CPU
		{4584B223-4C3E-4D73-94E3-D4680E45C324}.Release|x64.ActiveCfg = Release|x64
		{4584B223-4C3E-4D73-94E3-D4680E45C324}.Release|x64.Build.0 = Release|x64
		{4584B223-4C3E-4D73-94E3-D4680E45C324}.Release|x64.Deploy.0 = Release|x64
		{4584B223-4C3E-4D73-94E3-D4680E45C324}.Release|x86.ActiveCfg = Release|x86
		{4584B223-4C3E-4D73-94E3-D4680E45C324}.Release|x86.Build.0 = Release|x86
		{4584B223-4C3E-4D73-94E3-D4680E45C324}.Release|x86.Deploy.0 = Release|x86
	EndGlobalSection
	GlobalSection(SolutionProperties) = preSolution
		HideSolutionNode = FALSE
	EndGlobalSection
EndGlobal
